
Microsoft Visual Studio Solution File, Format Version 12.00
# Visual Studio Version 17
VisualStudioVersion = 17.0.32112.339
MinimumVisualStudioVersion = 10.0.40219.1
Project("{FAE04EC0-301F-11D3-BF4B-00C04F79EFBC}") = "FigureWebApi", "FigureWebApi\FigureWebApi.csproj", "{579618DD-6317-4458-86F2-C05AB03CFCF8}"
EndProject
Global
	GlobalSection(SolutionConfigurationPlatforms) = preSolution
		Debug|Any CPU = Debug|Any CPU
		Release|Any CPU = Release|Any CPU
	EndGlobalSection
	GlobalSection(ProjectConfigurationPlatforms) = postSolution
		{579618DD-6317-4458-86F2-C05AB03CFCF8}.Debug|Any CPU.ActiveCfg = Debug|Any CPU
		{579618DD-6317-4458-86F2-C05AB03CFCF8}.Debug|Any CPU.Build.0 = Debug|Any CPU
		{579618DD-6317-4458-86F2-C05AB03CFCF8}.Release|Any CPU.ActiveCfg = Release|Any CPU
		{579618DD-6317-4458-86F2-C05AB03CFCF8}.Release|Any CPU.Build.0 = Release|Any CPU
	EndGlobalSection
	GlobalSection(SolutionProperties) = preSolution
		HideSolutionNode = FALSE
	EndGlobalSection
	GlobalSection(ExtensibilityGlobals) = postSolution
		SolutionGuid = {1ACF0163-5F0A-44D1-A0BB-B3F68060CD08}
	EndGlobalSection
EndGlobal
